// !$*UTF8*$!
{
	archiveVersion = 1;
	classes = {
	};
	objectVersion = 50;
	objects = {

/* Begin PBXBuildFile section */
		FE6B45BE2500844E0056FC33 /* AppDelegate.swift in Sources */ = {isa = PBXBuildFile; fileRef = FE6B45BD2500844E0056FC33 /* AppDelegate.swift */; };
		FE6B45C02500844E0056FC33 /* SceneDelegate.swift in Sources */ = {isa = PBXBuildFile; fileRef = FE6B45BF2500844E0056FC33 /* SceneDelegate.swift */; };
		FE6B45C22500844E0056FC33 /* ViewController.swift in Sources */ = {isa = PBXBuildFile; fileRef = FE6B45C12500844E0056FC33 /* ViewController.swift */; };
		FE6B45C52500844E0056FC33 /* Main.storyboard in Resources */ = {isa = PBXBuildFile; fileRef = FE6B45C32500844E0056FC33 /* Main.storyboard */; };
		FE6B45C7250084600056FC33 /* Assets.xcassets in Resources */ = {isa = PBXBuildFile; fileRef = FE6B45C6250084600056FC33 /* Assets.xcassets */; };
		FE6B45CA250084600056FC33 /* LaunchScreen.storyboard in Resources */ = {isa = PBXBuildFile; fileRef = FE6B45C8250084600056FC33 /* LaunchScreen.storyboard */; };
		FE6B45D5250084610056FC33 /* tipTests.swift in Sources */ = {isa = PBXBuildFile; fileRef = FE6B45D4250084610056FC33 /* tipTests.swift */; };
		FE6B45E0250084610056FC33 /* tipUITests.swift in Sources */ = {isa = PBXBuildFile; fileRef = FE6B45DF250084610056FC33 /* tipUITests.swift */; };
		FE852B3D2509678800846CFB /* SettingsViewController.swift in Sources */ = {isa = PBXBuildFile; fileRef = FE852B3C2509678800846CFB /* SettingsViewController.swift */; };
/* End PBXBuildFile section */

/* Begin PBXContainerItemProxy section */
		FE6B45D1250084610056FC33 /* PBXContainerItemProxy */ = {
			isa = PBXContainerItemProxy;
			containerPortal = FE6B45B22500844E0056FC33 /* Project object */;
			proxyType = 1;
			remoteGlobalIDString = FE6B45B92500844E0056FC33;
			remoteInfo = tip;
		};
		FE6B45DC250084610056FC33 /* PBXContainerItemProxy */ = {
			isa = PBXContainerItemProxy;
			containerPortal = FE6B45B22500844E0056FC33 /* Project object */;
			proxyType = 1;
			remoteGlobalIDString = FE6B45B92500844E0056FC33;
			remoteInfo = tip;
		};
/* End PBXContainerItemProxy section */

/* Begin PBXFileReference section */
		FE6B45BA2500844E0056FC33 /* tip.app */ = {isa = PBXFileReference; explicitFileType = wrapper.application; includeInIndex = 0; path = tip.app; sourceTree = BUILT_PRODUCTS_DIR; };
		FE6B45BD2500844E0056FC33 /* AppDelegate.swift */ = {isa = PBXFileReference; lastKnownFileType = sourcecode.swift; path = AppDelegate.swift; sourceTree = "<group>"; };
		FE6B45BF2500844E0056FC33 /* SceneDelegate.swift */ = {isa = PBXFileReference; lastKnownFileType = sourcecode.swift; path = SceneDelegate.swift; sourceTree = "<group>"; };
		FE6B45C12500844E0056FC33 /* ViewController.swift */ = {isa = PBXFileReference; lastKnownFileType = sourcecode.swift; path = ViewController.swift; sourceTree = "<group>"; };
		FE6B45C42500844E0056FC33 /* Base */ = {isa = PBXFileReference; lastKnownFileType = file.storyboard; name = Base; path = Base.lproj/Main.storyboard; sourceTree = "<group>"; };
		FE6B45C6250084600056FC33 /* Assets.xcassets */ = {isa = PBXFileReference; lastKnownFileType = folder.assetcatalog; path = Assets.xcassets; sourceTree = "<group>"; };
		FE6B45C9250084600056FC33 /* Base */ = {isa = PBXFileReference; lastKnownFileType = file.storyboard; name = Base; path = Base.lproj/LaunchScreen.storyboard; sourceTree = "<group>"; };
		FE6B45CB250084600056FC33 /* Info.plist */ = {isa = PBXFileReference; lastKnownFileType = text.plist.xml; path = Info.plist; sourceTree = "<group>"; };
		FE6B45D0250084610056FC33 /* tipTests.xctest */ = {isa = PBXFileReference; explicitFileType = wrapper.cfbundle; includeInIndex = 0; path = tipTests.xctest; sourceTree = BUILT_PRODUCTS_DIR; };
		FE6B45D4250084610056FC33 /* tipTests.swift */ = {isa = PBXFileReference; lastKnownFileType = sourcecode.swift; path = tipTests.swift; sourceTree = "<group>"; };
		FE6B45D6250084610056FC33 /* Info.plist */ = {isa = PBXFileReference; lastKnownFileType = text.plist.xml; path = Info.plist; sourceTree = "<group>"; };
		FE6B45DB250084610056FC33 /* tipUITests.xctest */ = {isa = PBXFileReference; explicitFileType = wrapper.cfbundle; includeInIndex = 0; path = tipUITests.xctest; sourceTree = BUILT_PRODUCTS_DIR; };
		FE6B45DF250084610056FC33 /* tipUITests.swift */ = {isa = PBXFileReference; lastKnownFileType = sourcecode.swift; path = tipUITests.swift; sourceTree = "<group>"; };
		FE6B45E1250084610056FC33 /* Info.plist */ = {isa = PBXFileReference; lastKnownFileType = text.plist.xml; path = Info.plist; sourceTree = "<group>"; };
		FE852B3C2509678800846CFB /* SettingsViewController.swift */ = {isa = PBXFileReference; lastKnownFileType = sourcecode.swift; path = SettingsViewController.swift; sourceTree = "<group>"; };
/* End PBXFileReference section */

/* Begin PBXFrameworksBuildPhase section */
		FE6B45B72500844E0056FC33 /* Frameworks */ = {
			isa = PBXFrameworksBuildPhase;
			buildActionMask = 2147483647;
			files = (
			);
			runOnlyForDeploymentPostprocessing = 0;
		};
		FE6B45CD250084610056FC33 /* Frameworks */ = {
			isa = PBXFrameworksBuildPhase;
			buildActionMask = 2147483647;
			files = (
			);
			runOnlyForDeploymentPostprocessing = 0;
		};
		FE6B45D8250084610056FC33 /* Frameworks */ = {
			isa = PBXFrameworksBuildPhase;
			buildActionMask = 2147483647;
			files = (
			);
			runOnlyForDeploymentPostprocessing = 0;
		};
/* End PBXFrameworksBuildPhase section */

/* Begin PBXGroup section */
		FE6B45B12500844E0056FC33 = {
			isa = PBXGroup;
			children = (
				FE6B45BC2500844E0056FC33 /* tip */,
				FE6B45D3250084610056FC33 /* tipTests */,
				FE6B45DE250084610056FC33 /* tipUITests */,
				FE6B45BB2500844E0056FC33 /* Products */,
			);
			sourceTree = "<group>";
		};
		FE6B45BB2500844E0056FC33 /* Products */ = {
			isa = PBXGroup;
			children = (
				FE6B45BA2500844E0056FC33 /* tip.app */,
				FE6B45D0250084610056FC33 /* tipTests.xctest */,
				FE6B45DB250084610056FC33 /* tipUITests.xctest */,
			);
			name = Products;
			sourceTree = "<group>";
		};
		FE6B45BC2500844E0056FC33 /* tip */ = {
			isa = PBXGroup;
			children = (
				FE6B45BD2500844E0056FC33 /* AppDelegate.swift */,
				FE6B45BF2500844E0056FC33 /* SceneDelegate.swift */,
				FE6B45C12500844E0056FC33 /* ViewController.swift */,
				FE6B45C32500844E0056FC33 /* Main.storyboard */,
				FE852B3C2509678800846CFB /* SettingsViewController.swift */,
				FE6B45C6250084600056FC33 /* Assets.xcassets */,
				FE6B45C8250084600056FC33 /* LaunchScreen.storyboard */,
				FE6B45CB250084600056FC33 /* Info.plist */,
			);
			path = tip;
			sourceTree = "<group>";
		};
		FE6B45D3250084610056FC33 /* tipTests */ = {
			isa = PBXGroup;
			children = (
				FE6B45D4250084610056FC33 /* tipTests.swift */,
				FE6B45D6250084610056FC33 /* Info.plist */,
			);
			path = tipTests;
			sourceTree = "<group>";
		};
		FE6B45DE250084610056FC33 /* tipUITests */ = {
			isa = PBXGroup;
			children = (
				FE6B45DF250084610056FC33 /* tipUITests.swift */,
				FE6B45E1250084610056FC33 /* Info.plist */,
			);
			path = tipUITests;
			sourceTree = "<group>";
		};
/* End PBXGroup section */

/* Begin PBXNativeTarget section */
		FE6B45B92500844E0056FC33 /* tip */ = {
			isa = PBXNativeTarget;
			buildConfigurationList = FE6B45E4250084610056FC33 /* Build configuration list for PBXNativeTarget "tip" */;
			buildPhases = (
				FE6B45B62500844E0056FC33 /* Sources */,
				FE6B45B72500844E0056FC33 /* Frameworks */,
				FE6B45B82500844E0056FC33 /* Resources */,
			);
			buildRules = (
			);
			dependencies = (
			);
			name = tip;
			productName = tip;
			productReference = FE6B45BA2500844E0056FC33 /* tip.app */;
			productType = "com.apple.product-type.application";
		};
		FE6B45CF250084610056FC33 /* tipTests */ = {
			isa = PBXNativeTarget;
			buildConfigurationList = FE6B45E7250084610056FC33 /* Build configuration list for PBXNativeTarget "tipTests" */;
			buildPhases = (
				FE6B45CC250084610056FC33 /* Sources */,
				FE6B45CD250084610056FC33 /* Frameworks */,
				FE6B45CE250084610056FC33 /* Resources */,
			);
			buildRules = (
			);
			dependencies = (
				FE6B45D2250084610056FC33 /* PBXTargetDependency */,
			);
			name = tipTests;
			productName = tipTests;
			productReference = FE6B45D0250084610056FC33 /* tipTests.xctest */;
			productType = "com.apple.product-type.bundle.unit-test";
		};
		FE6B45DA250084610056FC33 /* tipUITests */ = {
			isa = PBXNativeTarget;
			buildConfigurationList = FE6B45EA250084610056FC33 /* Build configuration list for PBXNativeTarget "tipUITests" */;
			buildPhases = (
				FE6B45D7250084610056FC33 /* Sources */,
				FE6B45D8250084610056FC33 /* Frameworks */,
				FE6B45D9250084610056FC33 /* Resources */,
			);
			buildRules = (
			);
			dependencies = (
				FE6B45DD250084610056FC33 /* PBXTargetDependency */,
			);
			name = tipUITests;
			productName = tipUITests;
			productReference = FE6B45DB250084610056FC33 /* tipUITests.xctest */;
			productType = "com.apple.product-type.bundle.ui-testing";
		};
/* End PBXNativeTarget section */

/* Begin PBXProject section */
		FE6B45B22500844E0056FC33 /* Project object */ = {
			isa = PBXProject;
			attributes = {
				LastSwiftUpdateCheck = 1160;
				LastUpgradeCheck = 1160;
				ORGANIZATIONNAME = Codepath;
				TargetAttributes = {
					FE6B45B92500844E0056FC33 = {
						CreatedOnToolsVersion = 11.6;
					};
					FE6B45CF250084610056FC33 = {
						CreatedOnToolsVersion = 11.6;
						TestTargetID = FE6B45B92500844E0056FC33;
					};
					FE6B45DA250084610056FC33 = {
						CreatedOnToolsVersion = 11.6;
						TestTargetID = FE6B45B92500844E0056FC33;
					};
				};
			};
			buildConfigurationList = FE6B45B52500844E0056FC33 /* Build configuration list for PBXProject "tip" */;
			compatibilityVersion = "Xcode 9.3";
			developmentRegion = en;
			hasScannedForEncodings = 0;
			knownRegions = (
				en,
				Base,
			);
			mainGroup = FE6B45B12500844E0056FC33;
			productRefGroup = FE6B45BB2500844E0056FC33 /* Products */;
			projectDirPath = "";
			projectRoot = "";
			targets = (
				FE6B45B92500844E0056FC33 /* tip */,
				FE6B45CF250084610056FC33 /* tipTests */,
				FE6B45DA250084610056FC33 /* tipUITests */,
			);
		};
/* End PBXProject section */

/* Begin PBXResourcesBuildPhase section */
		FE6B45B82500844E0056FC33 /* Resources */ = {
			isa = PBXResourcesBuildPhase;
			buildActionMask = 2147483647;
			files = (
				FE6B45CA250084600056FC33 /* LaunchScreen.storyboard in Resources */,
				FE6B45C7250084600056FC33 /* Assets.xcassets in Resources */,
				FE6B45C52500844E0056FC33 /* Main.storyboard in Resources */,
			);
			runOnlyForDeploymentPostprocessing = 0;
		};
		FE6B45CE250084610056FC33 /* Resources */ = {
			isa = PBXResourcesBuildPhase;
			buildActionMask = 2147483647;
			files = (
			);
			runOnlyForDeploymentPostprocessing = 0;
		};
		FE6B45D9250084610056FC33 /* Resources */ = {
			isa = PBXResourcesBuildPhase;
			buildActionMask = 2147483647;
			files = (
			);
			runOnlyForDeploymentPostprocessing = 0;
		};
/* End PBXResourcesBuildPhase section */

/* Begin PBXSourcesBuildPhase section */
		FE6B45B62500844E0056FC33 /* Sources */ = {
			isa = PBXSourcesBuildPhase;
			buildActionMask = 2147483647;
			files = (
				FE6B45C22500844E0056FC33 /* ViewController.swift in Sources */,
				FE6B45BE2500844E0056FC33 /* AppDelegate.swift in Sources */,
				FE6B45C02500844E0056FC33 /* SceneDelegate.swift in Sources */,
				FE852B3D2509678800846CFB /* SettingsViewController.swift in Sources */,
			);
			runOnlyForDeploymentPostprocessing = 0;
		};
		FE6B45CC250084610056FC33 /* Sources */ = {
			isa = PBXSourcesBuildPhase;
			buildActionMask = 2147483647;
			files = (
				FE6B45D5250084610056FC33 /* tipTests.swift in Sources */,
			);
			runOnlyForDeploymentPostprocessing = 0;
		};
		FE6B45D7250084610056FC33 /* Sources */ = {
			isa = PBXSourcesBuildPhase;
			buildActionMask = 2147483647;
			files = (
				FE6B45E0250084610056FC33 /* tipUITests.swift in Sources */,
			);
			runOnlyForDeploymentPostprocessing = 0;
		};
/* End PBXSourcesBuildPhase section */

/* Begin PBXTargetDependency section */
		FE6B45D2250084610056FC33 /* PBXTargetDependency */ = {
			isa = PBXTargetDependency;
			target = FE6B45B92500844E0056FC33 /* tip */;
			targetProxy = FE6B45D1250084610056FC33 /* PBXContainerItemProxy */;
		};
		FE6B45DD250084610056FC33 /* PBXTargetDependency */ = {
			isa = PBXTargetDependency;
			target = FE6B45B92500844E0056FC33 /* tip */;
			targetProxy = FE6B45DC250084610056FC33 /* PBXContainerItemProxy */;
		};
/* End PBXTargetDependency section */

/* Begin PBXVariantGroup section */
		FE6B45C32500844E0056FC33 /* Main.storyboard */ = {
			isa = PBXVariantGroup;
			children = (
				FE6B45C42500844E0056FC33 /* Base */,
			);
			name = Main.storyboard;
			sourceTree = "<group>";
		};
		FE6B45C8250084600056FC33 /* LaunchScreen.storyboard */ = {
			isa = PBXVariantGroup;
			children = (
				FE6B45C9250084600056FC33 /* Base */,
			);
			name = LaunchScreen.storyboard;
			sourceTree = "<group>";
		};
/* End PBXVariantGroup section */

/* Begin XCBuildConfiguration section */
		FE6B45E2250084610056FC33 /* Debug */ = {
			isa = XCBuildConfiguration;
			buildSettings = {
				ALWAYS_SEARCH_USER_PATHS = NO;
				CLANG_ANALYZER_NONNULL = YES;
				CLANG_ANALYZER_NUMBER_OBJECT_CONVERSION = YES_AGGRESSIVE;
				CLANG_CXX_LANGUAGE_STANDARD = "gnu++14";
				CLANG_CXX_LIBRARY = "libc++";
				CLANG_ENABLE_MODULES = YES;
				CLANG_ENABLE_OBJC_ARC = YES;
				CLANG_ENABLE_OBJC_WEAK = YES;
				CLANG_WARN_BLOCK_CAPTURE_AUTORELEASING = YES;
				CLANG_WARN_BOOL_CONVERSION = YES;
				CLANG_WARN_COMMA = YES;
				CLANG_WARN_CONSTANT_CONVERSION = YES;
				CLANG_WARN_DEPRECATED_OBJC_IMPLEMENTATIONS = YES;
				CLANG_WARN_DIRECT_OBJC_ISA_USAGE = YES_ERROR;
				CLANG_WARN_DOCUMENTATION_COMMENTS = YES;
				CLANG_WARN_EMPTY_BODY = YES;
				CLANG_WARN_ENUM_CONVERSION = YES;
				CLANG_WARN_INFINITE_RECURSION = YES;
				CLANG_WARN_INT_CONVERSION = YES;
				CLANG_WARN_NON_LITERAL_NULL_CONVERSION = YES;
				CLANG_WARN_OBJC_IMPLICIT_RETAIN_SELF = YES;
				CLANG_WARN_OBJC_LITERAL_CONVERSION = YES;
				CLANG_WARN_OBJC_ROOT_CLASS = YES_ERROR;
				CLANG_WARN_RANGE_LOOP_ANALYSIS = YES;
				CLANG_WARN_STRICT_PROTOTYPES = YES;
				CLANG_WARN_SUSPICIOUS_MOVE = YES;
				CLANG_WARN_UNGUARDED_AVAILABILITY = YES_AGGRESSIVE;
				CLANG_WARN_UNREACHABLE_CODE = YES;
				CLANG_WARN__DUPLICATE_METHOD_MATCH = YES;
				COPY_PHASE_STRIP = NO;
				DEBUG_INFORMATION_FORMAT = dwarf;
				ENABLE_STRICT_OBJC_MSGSEND = YES;
				ENABLE_TESTABILITY = YES;
				GCC_C_LANGUAGE_STANDARD = gnu11;
				GCC_DYNAMIC_NO_PIC = NO;
				GCC_NO_COMMON_BLOCKS = YES;
				GCC_OPTIMIZATION_LEVEL = 0;
				GCC_PREPROCESSOR_DEFINITIONS = (
					"DEBUG=1",
					"$(inherited)",
				);
				GCC_WARN_64_TO_32_BIT_CONVERSION = YES;
				GCC_WARN_ABOUT_RETURN_TYPE = YES_ERROR;
				GCC_WARN_UNDECLARED_SELECTOR = YES;
				GCC_WARN_UNINITIALIZED_AUTOS = YES_AGGRESSIVE;
				GCC_WARN_UNUSED_FUNCTION = YES;
				GCC_WARN_UNUSED_VARIABLE = YES;
				IPHONEOS_DEPLOYMENT_TARGET = 13.6;
				MTL_ENABLE_DEBUG_INFO = INCLUDE_SOURCE;
				MTL_FAST_MATH = YES;
				ONLY_ACTIVE_ARCH = YES;
				SDKROOT = iphoneos;
				SWIFT_ACTIVE_COMPILATION_CONDITIONS = DEBUG;
				SWIFT_OPTIMIZATION_LEVEL = "-Onone";
			};
			name = Debug;
		};
		FE6B45E3250084610056FC33 /* Release */ = {
			isa = XCBuildConfiguration;
			buildSettings = {
				ALWAYS_SEARCH_USER_PATHS = NO;
				CLANG_ANALYZER_NONNULL = YES;
				CLANG_ANALYZER_NUMBER_OBJECT_CONVERSION = YES_AGGRESSIVE;
				CLANG_CXX_LANGUAGE_STANDARD = "gnu++14";
				CLANG_CXX_LIBRARY = "libc++";
				CLANG_ENABLE_MODULES = YES;
				CLANG_ENABLE_OBJC_ARC = YES;
				CLANG_ENABLE_OBJC_WEAK = YES;
				CLANG_WARN_BLOCK_CAPTURE_AUTORELEASING = YES;
				CLANG_WARN_BOOL_CONVERSION = YES;
				CLANG_WARN_COMMA = YES;
				CLANG_WARN_CONSTANT_CONVERSION = YES;
				CLANG_WARN_DEPRECATED_OBJC_IMPLEMENTATIONS = YES;
				CLANG_WARN_DIRECT_OBJC_ISA_USAGE = YES_ERROR;
				CLANG_WARN_DOCUMENTATION_COMMENTS = YES;
				CLANG_WARN_EMPTY_BODY = YES;
				CLANG_WARN_ENUM_CONVERSION = YES;
				CLANG_WARN_INFINITE_RECURSION = YES;
				CLANG_WARN_INT_CONVERSION = YES;
				CLANG_WARN_NON_LITERAL_NULL_CONVERSION = YES;
				CLANG_WARN_OBJC_IMPLICIT_RETAIN_SELF = YES;
				CLANG_WARN_OBJC_LITERAL_CONVERSION = YES;
				CLANG_WARN_OBJC_ROOT_CLASS = YES_ERROR;
				CLANG_WARN_RANGE_LOOP_ANALYSIS = YES;
				CLANG_WARN_STRICT_PROTOTYPES = YES;
				CLANG_WARN_SUSPICIOUS_MOVE = YES;
				CLANG_WARN_UNGUARDED_AVAILABILITY = YES_AGGRESSIVE;
				CLANG_WARN_UNREACHABLE_CODE = YES;
				CLANG_WARN__DUPLICATE_METHOD_MATCH = YES;
				COPY_PHASE_STRIP = NO;
				DEBUG_INFORMATION_FORMAT = "dwarf-with-dsym";
				ENABLE_NS_ASSERTIONS = NO;
				ENABLE_STRICT_OBJC_MSGSEND = YES;
				GCC_C_LANGUAGE_STANDARD = gnu11;
				GCC_NO_COMMON_BLOCKS = YES;
				GCC_WARN_64_TO_32_BIT_CONVERSION = YES;
				GCC_WARN_ABOUT_RETURN_TYPE = YES_ERROR;
				GCC_WARN_UNDECLARED_SELECTOR = YES;
				GCC_WARN_UNINITIALIZED_AUTOS = YES_AGGRESSIVE;
				GCC_WARN_UNUSED_FUNCTION = YES;
				GCC_WARN_UNUSED_VARIABLE = YES;
				IPHONEOS_DEPLOYMENT_TARGET = 13.6;
				MTL_ENABLE_DEBUG_INFO = NO;
				MTL_FAST_MATH = YES;
				SDKROOT = iphoneos;
				SWIFT_COMPILATION_MODE = wholemodule;
				SWIFT_OPTIMIZATION_LEVEL = "-O";
				VALIDATE_PRODUCT = YES;
			};
			name = Release;
		};
		FE6B45E5250084610056FC33 /* Debug */ = {
			isa = XCBuildConfiguration;
			buildSettings = {
				ASSETCATALOG_COMPILER_APPICON_NAME = AppIcon;
				CODE_SIGN_STYLE = Automatic;
				INFOPLIST_FILE = tip/Info.plist;
				LD_RUNPATH_SEARCH_PATHS = (
					"$(inherited)",
					"@executable_path/Frameworks",
				);
				PRODUCT_BUNDLE_IDENTIFIER = Codepath.tip;
				PRODUCT_NAME = "$(TARGET_NAME)";
				SWIFT_VERSION = 5.0;
				TARGETED_DEVICE_FAMILY = "1,2";
			};
			name = Debug;
		};
		FE6B45E6250084610056FC33 /* Release */ = {
			isa = XCBuildConfiguration;
			buildSettings = {
				ASSETCATALOG_COMPILER_APPICON_NAME = AppIcon;
				CODE_SIGN_STYLE = Automatic;
				INFOPLIST_FILE = tip/Info.plist;
				LD_RUNPATH_SEARCH_PATHS = (
					"$(inherited)",
					"@executable_path/Frameworks",
				);
				PRODUCT_BUNDLE_IDENTIFIER = Codepath.tip;
				PRODUCT_NAME = "$(TARGET_NAME)";
				SWIFT_VERSION = 5.0;
				TARGETED_DEVICE_FAMILY = "1,2";
			};
			name = Release;
		};
		FE6B45E8250084610056FC33 /* Debug */ = {
			isa = XCBuildConfiguration;
			buildSettings = {
				ALWAYS_EMBED_SWIFT_STANDARD_LIBRARIES = YES;
				BUNDLE_LOADER = "$(TEST_HOST)";
				CODE_SIGN_STYLE = Automatic;
				INFOPLIST_FILE = tipTests/Info.plist;
				IPHONEOS_DEPLOYMENT_TARGET = 13.6;
				LD_RUNPATH_SEARCH_PATHS = (
					"$(inherited)",
					"@executable_path/Frameworks",
					"@loader_path/Frameworks",
				);
				PRODUCT_BUNDLE_IDENTIFIER = Codepath.tipTests;
				PRODUCT_NAME = "$(TARGET_NAME)";
				SWIFT_VERSION = 5.0;
				TARGETED_DEVICE_FAMILY = "1,2";
				TEST_HOST = "$(BUILT_PRODUCTS_DIR)/tip.app/tip";
			};
			name = Debug;
		};
		FE6B45E9250084610056FC33 /* Release */ = {
			isa = XCBuildConfiguration;
			buildSettings = {
				ALWAYS_EMBED_SWIFT_STANDARD_LIBRARIES = YES;
				BUNDLE_LOADER = "$(TEST_HOST)";
				CODE_SIGN_STYLE = Automatic;
				INFOPLIST_FILE = tipTests/Info.plist;
				IPHONEOS_DEPLOYMENT_TARGET = 13.6;
				LD_RUNPATH_SEARCH_PATHS = (
					"$(inherited)",
					"@executable_path/Frameworks",
					"@loader_path/Frameworks",
				);
				PRODUCT_BUNDLE_IDENTIFIER = Codepath.tipTests;
				PRODUCT_NAME = "$(TARGET_NAME)";
				SWIFT_VERSION = 5.0;
				TARGETED_DEVICE_FAMILY = "1,2";
				TEST_HOST = "$(BUILT_PRODUCTS_DIR)/tip.app/tip";
			};
			name = Release;
		};
		FE6B45EB250084610056FC33 /* Debug */ = {
			isa = XCBuildConfiguration;
			buildSettings = {
				ALWAYS_EMBED_SWIFT_STANDARD_LIBRARIES = YES;
				CODE_SIGN_STYLE = Automatic;
				INFOPLIST_FILE = tipUITests/Info.plist;
				LD_RUNPATH_SEARCH_PATHS = (
					"$(inherited)",
					"@executable_path/Frameworks",
					"@loader_path/Frameworks",
				);
				PRODUCT_BUNDLE_IDENTIFIER = Codepath.tipUITests;
				PRODUCT_NAME = "$(TARGET_NAME)";
				SWIFT_VERSION = 5.0;
				TARGETED_DEVICE_FAMILY = "1,2";
				TEST_TARGET_NAME = tip;
			};
			name = Debug;
		};
		FE6B45EC250084610056FC33 /* Release */ = {
			isa = XCBuildConfiguration;
			buildSettings = {
				ALWAYS_EMBED_SWIFT_STANDARD_LIBRARIES = YES;
				CODE_SIGN_STYLE = Automatic;
				INFOPLIST_FILE = tipUITests/Info.plist;
				LD_RUNPATH_SEARCH_PATHS = (
					"$(inherited)",
					"@executable_path/Frameworks",
					"@loader_path/Frameworks",
				);
				PRODUCT_BUNDLE_IDENTIFIER = Codepath.tipUITests;
				PRODUCT_NAME = "$(TARGET_NAME)";
				SWIFT_VERSION = 5.0;
				TARGETED_DEVICE_FAMILY = "1,2";
				TEST_TARGET_NAME = tip;
			};
			name = Release;
		};
/* End XCBuildConfiguration section */

/* Begin XCConfigurationList section */
		FE6B45B52500844E0056FC33 /* Build configuration list for PBXProject "tip" */ = {
			isa = XCConfigurationList;
			buildConfigurations = (
				FE6B45E2250084610056FC33 /* Debug */,
				FE6B45E3250084610056FC33 /* Release */,
			);
			defaultConfigurationIsVisible = 0;
			defaultConfigurationName = Release;
		};
		FE6B45E4250084610056FC33 /* Build configuration list for PBXNativeTarget "tip" */ = {
			isa = XCConfigurationList;
			buildConfigurations = (
				FE6B45E5250084610056FC33 /* Debug */,
				FE6B45E6250084610056FC33 /* Release */,
			);
			defaultConfigurationIsVisible = 0;
			defaultConfigurationName = Release;
		};
		FE6B45E7250084610056FC33 /* Build configuration list for PBXNativeTarget "tipTests" */ = {
			isa = XCConfigurationList;
			buildConfigurations = (
				FE6B45E8250084610056FC33 /* Debug */,
				FE6B45E9250084610056FC33 /* Release */,
			);
			defaultConfigurationIsVisible = 0;
			defaultConfigurationName = Release;
		};
		FE6B45EA250084610056FC33 /* Build configuration list for PBXNativeTarget "tipUITests" */ = {
			isa = XCConfigurationList;
			buildConfigurations = (
				FE6B45EB250084610056FC33 /* Debug */,
				FE6B45EC250084610056FC33 /* Release */,
			);
			defaultConfigurationIsVisible = 0;
			defaultConfigurationName = Release;
		};
/* End XCConfigurationList section */
	};
	rootObject = FE6B45B22500844E0056FC33 /* Project object */;
}
